PODS:
  - CLImageEditor/AllTools (0.0.8):
    - CLImageEditor/Core
    - CLImageEditor/EmoticonTool
    - CLImageEditor/ResizeTool
    - CLImageEditor/StickerTool
    - CLImageEditor/TextTool
  - CLImageEditor/Core (0.0.8)
  - CLImageEditor/EmoticonTool (0.0.8):
    - CLImageEditor/Core
  - CLImageEditor/ResizeTool (0.0.8):
    - CLImageEditor/Core
  - CLImageEditor/StickerTool (0.0.8):
    - CLImageEditor/Core
  - CLImageEditor/TextTool (0.0.8):
    - CLImageEditor/Core
  - DBCamera (2.0):
    - CLImageEditor/AllTools (= 0.0.8)

DEPENDENCIES:
  - DBCamera (from `../`)

EXTERNAL SOURCES:
  DBCamera:
    :path: ../

SPEC CHECKSUMS:
  CLImageEditor: eb0d64c86a474e68ccbc591422a5d14d773a27a4
  DBCamera: d5e3bfdab712652e71fd612945b07c26935dce8d

COCOAPODS: 0.32.1
