PODS:
  - CLImageEditor/AllTools (0.0.9):
    - CLImageEditor/Core
    - CLImageEditor/EmoticonTool
    - CLImageEditor/ResizeTool
    - CLImageEditor/StickerTool
    - CLImageEditor/TextTool
  - CLImageEditor/Core (0.0.9)
  - CLImageEditor/EmoticonTool (0.0.9):
    - CLImageEditor/Core
  - CLImageEditor/ResizeTool (0.0.9):
    - CLImageEditor/Core
  - CLImageEditor/StickerTool (0.0.9):
    - CLImageEditor/Core
  - CLImageEditor/TextTool (0.0.9):
    - CLImageEditor/Core
  - DBCamera (2.0):
    - CLImageEditor/AllTools (= 0.0.9)

DEPENDENCIES:
  - DBCamera (from `../`)

EXTERNAL SOURCES:
  DBCamera:
    :path: ../

SPEC CHECKSUMS:
  CLImageEditor: bc6ad3a212922fa76052eaa5c929b8cef41a2fd4
  DBCamera: 7ef268861d053063cf98870515702bca32973055

COCOAPODS: 0.32.1
